
Microsoft Visual Studio Solution File, Format Version 12.00
# Visual Studio Version 17
VisualStudioVersion = 17.0.31912.275
MinimumVisualStudioVersion = 10.0.40219.1
Project("{FAE04EC0-301F-11D3-BF4B-00C04F79EFBC}") = "Homework5", "Homework5\Homework5.csproj", "{321FE7F2-3A85-4A15-8CB0-3ABD7AA1FC30}"
EndProject
Global
	GlobalSection(SolutionConfigurationPlatforms) = preSolution
		Debug|Any CPU = Debug|Any CPU
		Release|Any CPU = Release|Any CPU
	EndGlobalSection
	GlobalSection(ProjectConfigurationPlatforms) = postSolution
		{321FE7F2-3A85-4A15-8CB0-3ABD7AA1FC30}.Debug|Any CPU.ActiveCfg = Debug|Any CPU
		{321FE7F2-3A85-4A15-8CB0-3ABD7AA1FC30}.Debug|Any CPU.Build.0 = Debug|Any CPU
		{321FE7F2-3A85-4A15-8CB0-3ABD7AA1FC30}.Release|Any CPU.ActiveCfg = Release|Any CPU
		{321FE7F2-3A85-4A15-8CB0-3ABD7AA1FC30}.Release|Any CPU.Build.0 = Release|Any CPU
	EndGlobalSection
	GlobalSection(SolutionProperties) = preSolution
		HideSolutionNode = FALSE
	EndGlobalSection
	GlobalSection(ExtensibilityGlobals) = postSolution
		SolutionGuid = {5E3069D0-83E2-4682-BAD7-1AB3A3E40AE8}
	EndGlobalSection
EndGlobal
